
Microsoft Visual Studio Solution File, Format Version 12.00
# Visual Studio 15
VisualStudioVersion = 15.0.28010.2050
MinimumVisualStudioVersion = 10.0.40219.1
Project("{FAE04EC0-301F-11D3-BF4B-00C04F79EFBC}") = "HttpListenerConsole", "HttpListenerConsole\HttpListenerConsole.csproj", "{C90762A4-1950-44C6-8930-5E5748BD7839}"
EndProject
Global
	GlobalSection(SolutionConfigurationPlatforms) = preSolution
		Debug|Any CPU = Debug|Any CPU
		Release|Any CPU = Release|Any CPU
	EndGlobalSection
	GlobalSection(ProjectConfigurationPlatforms) = postSolution
		{C90762A4-1950-44C6-8930-5E5748BD7839}.Debug|Any CPU.ActiveCfg = Debug|Any CPU
		{C90762A4-1950-44C6-8930-5E5748BD7839}.Debug|Any CPU.Build.0 = Debug|Any CPU
		{C90762A4-1950-44C6-8930-5E5748BD7839}.Release|Any CPU.ActiveCfg = Release|Any CPU
		{C90762A4-1950-44C6-8930-5E5748BD7839}.Release|Any CPU.Build.0 = Release|Any CPU
	EndGlobalSection
	GlobalSection(SolutionProperties) = preSolution
		HideSolutionNode = FALSE
	EndGlobalSection
	GlobalSection(ExtensibilityGlobals) = postSolution
		SolutionGuid = {F9208505-C433-4DF5-9272-809C8D302F3F}
	EndGlobalSection
EndGlobal
